
Microsoft Visual Studio Solution File, Format Version 12.00
# Visual Studio 15
VisualStudioVersion = 15.0.28010.2046
MinimumVisualStudioVersion = 10.0.40219.1
Project("{FAE04EC0-301F-11D3-BF4B-00C04F79EFBC}") = "HackManchesterLIVE", "HackManchesterLIVE\HackManchesterLIVE.csproj", "{1704C215-8AEA-461E-9839-34FB2F5CDAA1}"
EndProject
Project("{2150E333-8FDC-42A3-9474-1A3956D46DE8}") = "Solution Items", "Solution Items", "{F6819C6C-37DA-4D78-9262-1F9409FFA75B}"
	ProjectSection(SolutionItems) = preProject
		AppData.cs = AppData.cs
	EndProjectSection
EndProject
Global
	GlobalSection(SolutionConfigurationPlatforms) = preSolution
		Debug|Any CPU = Debug|Any CPU
		Release|Any CPU = Release|Any CPU
	EndGlobalSection
	GlobalSection(ProjectConfigurationPlatforms) = postSolution
		{1704C215-8AEA-461E-9839-34FB2F5CDAA1}.Debug|Any CPU.ActiveCfg = Debug|Any CPU
		{1704C215-8AEA-461E-9839-34FB2F5CDAA1}.Debug|Any CPU.Build.0 = Debug|Any CPU
		{1704C215-8AEA-461E-9839-34FB2F5CDAA1}.Release|Any CPU.ActiveCfg = Release|Any CPU
		{1704C215-8AEA-461E-9839-34FB2F5CDAA1}.Release|Any CPU.Build.0 = Release|Any CPU
	EndGlobalSection
	GlobalSection(SolutionProperties) = preSolution
		HideSolutionNode = FALSE
	EndGlobalSection
	GlobalSection(ExtensibilityGlobals) = postSolution
		SolutionGuid = {7C52A07B-2BC4-457D-B86E-978FD3DBC24A}
	EndGlobalSection
EndGlobal
